PODS:
  - Alamofire (5.3.0)
  - TrustKit (1.6.3)

DEPENDENCIES:
  - Alamofire
  - TrustKit (= 1.6.3)

SPEC REPOS:
  trunk:
    - Alamofire
    - TrustKit

SPEC CHECKSUMS:
  Alamofire: 2c792affbdc2f18016e08fdbcacd60aebe1ba593
  TrustKit: a2f0c3a926f0a3ce3c082db9a39f1f540dbb04cb

PODFILE CHECKSUM: b94b03b996004c7aaaa70b549473af5e16469216

COCOAPODS: 1.9.3
